# This file is automatically @generated by Cargo.
# It is not intended for manual editing.
version = 3

[[package]]
name = "arrayvec"
version = "0.7.4"
source = "registry+https://github.com/rust-lang/crates.io-index"
checksum = "96d30a06541fbafbc7f82ed10c06164cfbd2c401138f6addd8404629c4b16711"

[[package]]
name = "kurbo"
version = "0.9.5"
source = "registry+https://github.com/rust-lang/crates.io-index"
checksum = "bd85a5776cd9500c2e2059c8c76c3b01528566b7fcbaf8098b55a33fc298849b"
dependencies = [
 "arrayvec",
]

[[package]]
name = "minkowski"
version = "0.1.0"
source = "registry+https://github.com/rust-lang/crates.io-index"
checksum = "6374ae161558876f8135e2164a8bcd3d3883e3ae1f6533d6bee940e9cc03f939"

[[package]]
name = "siphasher"
version = "0.3.11"
source = "registry+https://github.com/rust-lang/crates.io-index"
checksum = "38b58827f4464d87d377d175e90bf58eb00fd8716ff0a62f80356b5e61555d0d"

[[package]]
name = "svgtypes"
version = "0.13.0"
source = "registry+https://github.com/rust-lang/crates.io-index"
checksum = "6e44e288cd960318917cbd540340968b90becc8bc81f171345d706e7a89d9d70"
dependencies = [
 "kurbo",
 "siphasher",
]

[[package]]
name = "text-optimization"
version = "0.0.0"
dependencies = [
 "minkowski",
 "svgtypes",
]
